
Microsoft Visual Studio Solution File, Format Version 12.00
# Visual Studio Version 16
VisualStudioVersion = 16.0.31025.194
MinimumVisualStudioVersion = 10.0.40219.1
Project("{FAE04EC0-301F-11D3-BF4B-00C04F79EFBC}") = "ProSwapperPluginsOld", "ProSwapperPluginsOld.csproj", "{EF8AF97E-9DF5-47E8-889E-4B4A7E1BD4E2}"
EndProject
Global
	GlobalSection(SolutionConfigurationPlatforms) = preSolution
		Debug|Any CPU = Debug|Any CPU
		Release|Any CPU = Release|Any CPU
	EndGlobalSection
	GlobalSection(ProjectConfigurationPlatforms) = postSolution
		{EF8AF97E-9DF5-47E8-889E-4B4A7E1BD4E2}.Debug|Any CPU.ActiveCfg = Debug|Any CPU
		{EF8AF97E-9DF5-47E8-889E-4B4A7E1BD4E2}.Debug|Any CPU.Build.0 = Debug|Any CPU
		{EF8AF97E-9DF5-47E8-889E-4B4A7E1BD4E2}.Release|Any CPU.ActiveCfg = Release|Any CPU
		{EF8AF97E-9DF5-47E8-889E-4B4A7E1BD4E2}.Release|Any CPU.Build.0 = Release|Any CPU
	EndGlobalSection
	GlobalSection(SolutionProperties) = preSolution
		HideSolutionNode = FALSE
	EndGlobalSection
	GlobalSection(ExtensibilityGlobals) = postSolution
		SolutionGuid = {81D1875E-C69A-4EBC-887F-768F0DF7CFE5}
	EndGlobalSection
EndGlobal
